
Microsoft Visual Studio Solution File, Format Version 12.00
# Visual Studio Version 16
VisualStudioVersion = 16.0.34301.259
MinimumVisualStudioVersion = 10.0.40219.1
Project("{FAE04EC0-301F-11D3-BF4B-00C04F79EFBC}") = "wgd.MTHProject", "wgd.MTHProject\wgd.MTHProject.csproj", "{FFDFB2CD-B995-4DA7-A9D0-F6D00CC83518}"
EndProject
Project("{FAE04EC0-301F-11D3-BF4B-00C04F79EFBC}") = "wgd.MTHControlLib", "wgd.MTHControlLib\wgd.MTHControlLib.csproj", "{D2133CC0-6894-47AB-88DB-3AD6CEB600DB}"
EndProject
Project("{FAE04EC0-301F-11D3-BF4B-00C04F79EFBC}") = "wgd.MTHModels", "wgd.MTHModels\wgd.MTHModels.csproj", "{E0041C81-A17E-4650-8B43-0538AA109BAF}"
EndProject
Project("{FAE04EC0-301F-11D3-BF4B-00C04F79EFBC}") = "wgd.Utils", "wgd.Utils\wgd.Utils.csproj", "{C8BD6737-546E-413B-A45D-292ECEFF6D42}"
EndProject
Project("{FAE04EC0-301F-11D3-BF4B-00C04F79EFBC}") = "wgd.MTHDAL", "wgd.MTHDAL\wgd.MTHDAL.csproj", "{16190AFD-E811-4F5F-8578-BE7F10E03D59}"
EndProject
Project("{FAE04EC0-301F-11D3-BF4B-00C04F79EFBC}") = "wgd.MTHBLL", "wgd.MTHBLL\wgd.MTHBLL.csproj", "{86B88E72-D3AF-4638-9F43-40757D971697}"
EndProject
Global
	GlobalSection(SolutionConfigurationPlatforms) = preSolution
		Debug|Any CPU = Debug|Any CPU
		Release|Any CPU = Release|Any CPU
	EndGlobalSection
	GlobalSection(ProjectConfigurationPlatforms) = postSolution
		{FFDFB2CD-B995-4DA7-A9D0-F6D00CC83518}.Debug|Any CPU.ActiveCfg = Debug|Any CPU
		{FFDFB2CD-B995-4DA7-A9D0-F6D00CC83518}.Debug|Any CPU.Build.0 = Debug|Any CPU
		{FFDFB2CD-B995-4DA7-A9D0-F6D00CC83518}.Release|Any CPU.ActiveCfg = Release|Any CPU
		{FFDFB2CD-B995-4DA7-A9D0-F6D00CC83518}.Release|Any CPU.Build.0 = Release|Any CPU
		{D2133CC0-6894-47AB-88DB-3AD6CEB600DB}.Debug|Any CPU.ActiveCfg = Debug|Any CPU
		{D2133CC0-6894-47AB-88DB-3AD6CEB600DB}.Debug|Any CPU.Build.0 = Debug|Any CPU
		{D2133CC0-6894-47AB-88DB-3AD6CEB600DB}.Release|Any CPU.ActiveCfg = Release|Any CPU
		{D2133CC0-6894-47AB-88DB-3AD6CEB600DB}.Release|Any CPU.Build.0 = Release|Any CPU
		{E0041C81-A17E-4650-8B43-0538AA109BAF}.Debug|Any CPU.ActiveCfg = Debug|Any CPU
		{E0041C81-A17E-4650-8B43-0538AA109BAF}.Debug|Any CPU.Build.0 = Debug|Any CPU
		{E0041C81-A17E-4650-8B43-0538AA109BAF}.Release|Any CPU.ActiveCfg = Release|Any CPU
		{E0041C81-A17E-4650-8B43-0538AA109BAF}.Release|Any CPU.Build.0 = Release|Any CPU
		{C8BD6737-546E-413B-A45D-292ECEFF6D42}.Debug|Any CPU.ActiveCfg = Debug|Any CPU
		{C8BD6737-546E-413B-A45D-292ECEFF6D42}.Debug|Any CPU.Build.0 = Debug|Any CPU
		{C8BD6737-546E-413B-A45D-292ECEFF6D42}.Release|Any CPU.ActiveCfg = Release|Any CPU
		{C8BD6737-546E-413B-A45D-292ECEFF6D42}.Release|Any CPU.Build.0 = Release|Any CPU
		{16190AFD-E811-4F5F-8578-BE7F10E03D59}.Debug|Any CPU.ActiveCfg = Debug|Any CPU
		{16190AFD-E811-4F5F-8578-BE7F10E03D59}.Debug|Any CPU.Build.0 = Debug|Any CPU
		{16190AFD-E811-4F5F-8578-BE7F10E03D59}.Release|Any CPU.ActiveCfg = Release|Any CPU
		{16190AFD-E811-4F5F-8578-BE7F10E03D59}.Release|Any CPU.Build.0 = Release|Any CPU
		{86B88E72-D3AF-4638-9F43-40757D971697}.Debug|Any CPU.ActiveCfg = Debug|Any CPU
		{86B88E72-D3AF-4638-9F43-40757D971697}.Debug|Any CPU.Build.0 = Debug|Any CPU
		{86B88E72-D3AF-4638-9F43-40757D971697}.Release|Any CPU.ActiveCfg = Release|Any CPU
		{86B88E72-D3AF-4638-9F43-40757D971697}.Release|Any CPU.Build.0 = Release|Any CPU
	EndGlobalSection
	GlobalSection(SolutionProperties) = preSolution
		HideSolutionNode = FALSE
	EndGlobalSection
	GlobalSection(ExtensibilityGlobals) = postSolution
		SolutionGuid = {66D88B2E-8869-401E-A0FD-22728BFD25C8}
	EndGlobalSection
EndGlobal
